
Microsoft Visual Studio Solution File, Format Version 12.00
# Visual Studio 15
VisualStudioVersion = 15.0.28010.2026
MinimumVisualStudioVersion = 10.0.40219.1
Project("{FAE04EC0-301F-11D3-BF4B-00C04F79EFBC}") = "MAPwClient", "MAPwClient\MAPwClient.csproj", "{F90B0D5F-431B-459F-8165-BFEA6539BE2B}"
EndProject
Project("{FAE04EC0-301F-11D3-BF4B-00C04F79EFBC}") = "MAPeApi", "MAPeApi\MAPeApi.csproj", "{67385855-16A3-4271-8FA5-C2B573A0A924}"
EndProject
Global
	GlobalSection(SolutionConfigurationPlatforms) = preSolution
		Debug|Any CPU = Debug|Any CPU
		Release|Any CPU = Release|Any CPU
	EndGlobalSection
	GlobalSection(ProjectConfigurationPlatforms) = postSolution
		{F90B0D5F-431B-459F-8165-BFEA6539BE2B}.Debug|Any CPU.ActiveCfg = Debug|Any CPU
		{F90B0D5F-431B-459F-8165-BFEA6539BE2B}.Debug|Any CPU.Build.0 = Debug|Any CPU
		{F90B0D5F-431B-459F-8165-BFEA6539BE2B}.Release|Any CPU.ActiveCfg = Release|Any CPU
		{F90B0D5F-431B-459F-8165-BFEA6539BE2B}.Release|Any CPU.Build.0 = Release|Any CPU
		{67385855-16A3-4271-8FA5-C2B573A0A924}.Debug|Any CPU.ActiveCfg = Debug|Any CPU
		{67385855-16A3-4271-8FA5-C2B573A0A924}.Debug|Any CPU.Build.0 = Debug|Any CPU
		{67385855-16A3-4271-8FA5-C2B573A0A924}.Release|Any CPU.ActiveCfg = Release|Any CPU
		{67385855-16A3-4271-8FA5-C2B573A0A924}.Release|Any CPU.Build.0 = Release|Any CPU
	EndGlobalSection
	GlobalSection(SolutionProperties) = preSolution
		HideSolutionNode = FALSE
	EndGlobalSection
	GlobalSection(ExtensibilityGlobals) = postSolution
		SolutionGuid = {9BA0083E-E6AE-4DE4-91CA-D059A51114CC}
	EndGlobalSection
EndGlobal
